
Microsoft Visual Studio Solution File, Format Version 12.00
# Visual Studio Version 17
VisualStudioVersion = 17.0.31903.59
MinimumVisualStudioVersion = 10.0.40219.1
Project("{F2A71F9B-5D33-465A-A702-920D77279786}") = "FsAsyncStream", "FsAsyncStream\FsAsyncStream.fsproj", "{DCADD8FE-C31C-4483-B62A-FD6FF85D8EAB}"
EndProject
Project("{F2A71F9B-5D33-465A-A702-920D77279786}") = "FsAsyncStream.Test", "FsAsyncStream.Test\FsAsyncStream.Test.fsproj", "{CD3777AC-14D8-4DF5-8170-1DAB4B1A6E86}"
EndProject
Global
	GlobalSection(SolutionConfigurationPlatforms) = preSolution
		Debug|Any CPU = Debug|Any CPU
		Release|Any CPU = Release|Any CPU
	EndGlobalSection
	GlobalSection(SolutionProperties) = preSolution
		HideSolutionNode = FALSE
	EndGlobalSection
	GlobalSection(ProjectConfigurationPlatforms) = postSolution
		{DCADD8FE-C31C-4483-B62A-FD6FF85D8EAB}.Debug|Any CPU.ActiveCfg = Debug|Any CPU
		{DCADD8FE-C31C-4483-B62A-FD6FF85D8EAB}.Debug|Any CPU.Build.0 = Debug|Any CPU
		{DCADD8FE-C31C-4483-B62A-FD6FF85D8EAB}.Release|Any CPU.ActiveCfg = Release|Any CPU
		{DCADD8FE-C31C-4483-B62A-FD6FF85D8EAB}.Release|Any CPU.Build.0 = Release|Any CPU
		{CD3777AC-14D8-4DF5-8170-1DAB4B1A6E86}.Debug|Any CPU.ActiveCfg = Debug|Any CPU
		{CD3777AC-14D8-4DF5-8170-1DAB4B1A6E86}.Debug|Any CPU.Build.0 = Debug|Any CPU
		{CD3777AC-14D8-4DF5-8170-1DAB4B1A6E86}.Release|Any CPU.ActiveCfg = Release|Any CPU
		{CD3777AC-14D8-4DF5-8170-1DAB4B1A6E86}.Release|Any CPU.Build.0 = Release|Any CPU
	EndGlobalSection
EndGlobal
